
Microsoft Visual Studio Solution File, Format Version 12.00
# Visual Studio 15
VisualStudioVersion = 15.0.26430.16
MinimumVisualStudioVersion = 10.0.40219.1
Project("{FAE04EC0-301F-11D3-BF4B-00C04F79EFBC}") = "RotatePictures", "RotatePictures\RotatePictures.csproj", "{67E045D5-735A-4137-B170-C7B846FFB8C1}"
EndProject
Project("{FAE04EC0-301F-11D3-BF4B-00C04F79EFBC}") = "UnitTestRotatePicture", "UnitTestProject1\UnitTestRotatePicture.csproj", "{3AA3520F-E854-49C1-B12A-90E64CC8B663}"
EndProject
Global
	GlobalSection(SolutionConfigurationPlatforms) = preSolution
		Debug|Any CPU = Debug|Any CPU
		Release|Any CPU = Release|Any CPU
	EndGlobalSection
	GlobalSection(ProjectConfigurationPlatforms) = postSolution
		{67E045D5-735A-4137-B170-C7B846FFB8C1}.Debug|Any CPU.ActiveCfg = Debug|Any CPU
		{67E045D5-735A-4137-B170-C7B846FFB8C1}.Debug|Any CPU.Build.0 = Debug|Any CPU
		{67E045D5-735A-4137-B170-C7B846FFB8C1}.Release|Any CPU.ActiveCfg = Release|Any CPU
		{67E045D5-735A-4137-B170-C7B846FFB8C1}.Release|Any CPU.Build.0 = Release|Any CPU
		{3AA3520F-E854-49C1-B12A-90E64CC8B663}.Debug|Any CPU.ActiveCfg = Debug|Any CPU
		{3AA3520F-E854-49C1-B12A-90E64CC8B663}.Debug|Any CPU.Build.0 = Debug|Any CPU
		{3AA3520F-E854-49C1-B12A-90E64CC8B663}.Release|Any CPU.ActiveCfg = Release|Any CPU
		{3AA3520F-E854-49C1-B12A-90E64CC8B663}.Release|Any CPU.Build.0 = Release|Any CPU
	EndGlobalSection
	GlobalSection(SolutionProperties) = preSolution
		HideSolutionNode = FALSE
	EndGlobalSection
EndGlobal
